
Microsoft Visual Studio Solution File, Format Version 12.00
# Visual Studio Version 16
VisualStudioVersion = 16.0.29025.244
MinimumVisualStudioVersion = 10.0.40219.1
Project("{FAE04EC0-301F-11D3-BF4B-00C04F79EFBC}") = "StatusPage(new)", "StatusPage(new)\StatusPage(new).csproj", "{B3B4B98D-C313-49AA-932E-47CFDBF50C52}"
EndProject
Global
	GlobalSection(SolutionConfigurationPlatforms) = preSolution
		Debug|Any CPU = Debug|Any CPU
		Release|Any CPU = Release|Any CPU
	EndGlobalSection
	GlobalSection(ProjectConfigurationPlatforms) = postSolution
		{B3B4B98D-C313-49AA-932E-47CFDBF50C52}.Debug|Any CPU.ActiveCfg = Debug|Any CPU
		{B3B4B98D-C313-49AA-932E-47CFDBF50C52}.Debug|Any CPU.Build.0 = Debug|Any CPU
		{B3B4B98D-C313-49AA-932E-47CFDBF50C52}.Release|Any CPU.ActiveCfg = Release|Any CPU
		{B3B4B98D-C313-49AA-932E-47CFDBF50C52}.Release|Any CPU.Build.0 = Release|Any CPU
	EndGlobalSection
	GlobalSection(SolutionProperties) = preSolution
		HideSolutionNode = FALSE
	EndGlobalSection
	GlobalSection(ExtensibilityGlobals) = postSolution
		SolutionGuid = {DA8BDAAA-D21E-43A8-88FE-B805C3470F3C}
	EndGlobalSection
EndGlobal
